
Microsoft Visual Studio Solution File, Format Version 12.00
# Visual Studio 15
VisualStudioVersion = 15.0.27004.2002
MinimumVisualStudioVersion = 10.0.40219.1
Project("{8BC9CEB8-8B4A-11D0-8D11-00A0C91BC942}") = "GK_2c_Czepielik_Łukasz_3.3", "GK_2c_Czepielik_Łukasz_3.3\GK_2c_Czepielik_Łukasz_3.3.vcxproj", "{B4BBF407-CCC0-4277-B5EE-E0D66B8492AB}"
EndProject
Global
	GlobalSection(SolutionConfigurationPlatforms) = preSolution
		Debug|x64 = Debug|x64
		Debug|x86 = Debug|x86
		Release|x64 = Release|x64
		Release|x86 = Release|x86
	EndGlobalSection
	GlobalSection(ProjectConfigurationPlatforms) = postSolution
		{B4BBF407-CCC0-4277-B5EE-E0D66B8492AB}.Debug|x64.ActiveCfg = Debug|x64
		{B4BBF407-CCC0-4277-B5EE-E0D66B8492AB}.Debug|x64.Build.0 = Debug|x64
		{B4BBF407-CCC0-4277-B5EE-E0D66B8492AB}.Debug|x86.ActiveCfg = Debug|Win32
		{B4BBF407-CCC0-4277-B5EE-E0D66B8492AB}.Debug|x86.Build.0 = Debug|Win32
		{B4BBF407-CCC0-4277-B5EE-E0D66B8492AB}.Release|x64.ActiveCfg = Release|x64
		{B4BBF407-CCC0-4277-B5EE-E0D66B8492AB}.Release|x64.Build.0 = Release|x64
		{B4BBF407-CCC0-4277-B5EE-E0D66B8492AB}.Release|x86.ActiveCfg = Release|Win32
		{B4BBF407-CCC0-4277-B5EE-E0D66B8492AB}.Release|x86.Build.0 = Release|Win32
	EndGlobalSection
	GlobalSection(SolutionProperties) = preSolution
		HideSolutionNode = FALSE
	EndGlobalSection
	GlobalSection(ExtensibilityGlobals) = postSolution
		SolutionGuid = {3EA8CE08-C9FB-4299-9E29-C4CC81D5105C}
	EndGlobalSection
EndGlobal
